PODS:
  - SVProgressHUD (2.2.5)
  - YFAPIKit (1.0.2):
    - SVProgressHUD

DEPENDENCIES:
  - YFAPIKit (from `../`)

SPEC REPOS:
  https://github.com/cocoapods/specs.git:
    - SVProgressHUD

EXTERNAL SOURCES:
  YFAPIKit:
    :path: "../"

SPEC CHECKSUMS:
  SVProgressHUD: 1428aafac632c1f86f62aa4243ec12008d7a51d6
  YFAPIKit: dcbe0aa8eddd4e2a975ef90407ed6efd91020ec7

PODFILE CHECKSUM: e1698ee725ccc56adf1ed7797b13820d82487912

COCOAPODS: 1.6.1
